# Generated by conda-lock.
# platform: osx-arm64
# input_hash: ecfcf3bdc4848c50cd8f3e8de6b1e725440cc565a6778b86f23ce0645c74fd3f
@EXPLICIT
https://conda.anaconda.org/conda-forge/osx-arm64/ca-certificates-2024.8.30-hf0a4a13_0.conda#40dec13fd8348dbe303e57be74bd3d35
https://conda.anaconda.org/conda-forge/osx-arm64/libffi-3.4.2-h3422bc3_5.tar.bz2#086914b672be056eb70fd4285b6783b6
https://conda.anaconda.org/conda-forge/osx-arm64/libjpeg-turbo-3.0.0-hb547adb_1.conda#3ff1e053dc3a2b8e36b9bfa4256a58d1
https://conda.anaconda.org/conda-forge/osx-arm64/libwebp-base-1.4.0-h93a5062_0.conda#c0af0edfebe780b19940e94871f1a765
https://conda.anaconda.org/conda-forge/osx-arm64/python_abi-3.11-5_cp311.conda#3b855e3734344134cb56c410f729c340
https://conda.anaconda.org/conda-forge/noarch/tzdata-2024b-hc8b5060_0.conda#8ac3367aafb1cc0a068483c580af8015
https://conda.anaconda.org/conda-forge/osx-arm64/xz-5.2.6-h57fd34a_0.tar.bz2#39c6b54e94014701dd157f4f576ed211
https://conda.anaconda.org/conda-forge/osx-arm64/bzip2-1.0.8-h99b78c6_7.conda#fc6948412dbbbe9a4c9ddbbcfe0a79ab
https://conda.anaconda.org/conda-forge/osx-arm64/libbrotlicommon-1.1.0-hd74edd7_2.conda#d0bf1dff146b799b319ea0434b93f779
https://conda.anaconda.org/conda-forge/osx-arm64/libcxx-19.1.4-ha82da77_0.conda#a2d3d484d95889fccdd09498d8f6bf9a
https://conda.anaconda.org/conda-forge/osx-arm64/libdeflate-1.22-hd74edd7_0.conda#2d3e3f3d8ab315748420ef58d5a3ae0f
https://conda.anaconda.org/conda-forge/osx-arm64/libexpat-2.6.4-h286801f_0.conda#38d2656dd914feb0cab8c629370768bf
https://conda.anaconda.org/conda-forge/osx-arm64/libzlib-1.3.1-h8359307_2.conda#369964e85dc26bfe78f41399b366c435
https://conda.anaconda.org/conda-forge/osx-arm64/llvm-openmp-19.1.4-hdb05f8b_0.conda#76ca179ec970bea6e275e2fa477c2d3c
https://conda.anaconda.org/conda-forge/osx-arm64/ncurses-6.5-h7bae524_1.conda#cb2b0ea909b97b3d70cd3921d1445e1a
https://conda.anaconda.org/conda-forge/osx-arm64/openssl-3.4.0-h39f12f2_0.conda#df307bbc703324722df0293c9ca2e418
https://conda.anaconda.org/conda-forge/osx-arm64/pthread-stubs-0.4-hd74edd7_1002.conda#415816daf82e0b23a736a069a75e9da7
https://conda.anaconda.org/conda-forge/osx-arm64/xorg-libxau-1.0.11-hd74edd7_1.conda#7e0125f8fb619620a0011dc9297e2493
https://conda.anaconda.org/conda-forge/osx-arm64/xorg-libxdmcp-1.1.5-hd74edd7_0.conda#77c447f48cab5d3a15ac224edb86a968
https://conda.anaconda.org/conda-forge/osx-arm64/lerc-4.0.0-h9a09cb3_0.tar.bz2#de462d5aacda3b30721b512c5da4e742
https://conda.anaconda.org/conda-forge/osx-arm64/libbrotlidec-1.1.0-hd74edd7_2.conda#55e66e68ce55523a6811633dd1ac74e2
https://conda.anaconda.org/conda-forge/osx-arm64/libbrotlienc-1.1.0-hd74edd7_2.conda#4f3a434504c67b2c42565c0b85c1885c
https://conda.anaconda.org/conda-forge/osx-arm64/libgfortran5-13.2.0-hf226fd6_3.conda#66ac81d54e95c534ae488726c1f698ea
https://conda.anaconda.org/conda-forge/osx-arm64/libpng-1.6.44-hc14010f_0.conda#fb36e93f0ea6a6f5d2b99984f34b049e
https://conda.anaconda.org/conda-forge/osx-arm64/libsqlite-3.47.0-hbaaea75_1.conda#07a14fbe439eef078cc479deca321161
https://conda.anaconda.org/conda-forge/osx-arm64/libxcb-1.17.0-hdb1d25a_0.conda#af523aae2eca6dfa1c8eec693f5b9a79
https://conda.anaconda.org/conda-forge/osx-arm64/qhull-2020.2-h420ef59_5.conda#6483b1f59526e05d7d894e466b5b6924
https://conda.anaconda.org/conda-forge/osx-arm64/readline-8.2-h92ec313_1.conda#8cbb776a2f641b943d413b3e19df71f4
https://conda.anaconda.org/conda-forge/osx-arm64/tk-8.6.13-h5083fa2_1.conda#b50a57ba89c32b62428b71a875291c9b
https://conda.anaconda.org/conda-forge/osx-arm64/zstd-1.5.6-hb46c0d2_0.conda#d96942c06c3e84bfcc5efb038724a7fd
https://conda.anaconda.org/conda-forge/osx-arm64/brotli-bin-1.1.0-hd74edd7_2.conda#b8512db2145dc3ae8d86cdc21a8d421e
https://conda.anaconda.org/conda-forge/osx-arm64/freetype-2.12.1-hadb7bae_2.conda#e6085e516a3e304ce41a8ee08b9b89ad
https://conda.anaconda.org/conda-forge/osx-arm64/libgfortran-5.0.0-13_2_0_hd922786_3.conda#4a55d9e169114b2b90d3ec4604cd7bbf
https://conda.anaconda.org/conda-forge/osx-arm64/libtiff-4.7.0-hfce79cd_1.conda#b9abf45f7c64caf3303725f1aa0e9a4d
https://conda.anaconda.org/conda-forge/osx-arm64/python-3.11.9-h932a869_0_cpython.conda#293e0713ae804b5527a673e7605c04fc
https://conda.anaconda.org/conda-forge/noarch/attrs-24.2.0-pyh71513ae_0.conda#6732fa52eb8e66e5afeb32db8701a791
https://conda.anaconda.org/conda-forge/osx-arm64/brotli-1.1.0-hd74edd7_2.conda#215e3dc8f2f837906d066e7f01aa77c0
https://conda.anaconda.org/conda-forge/noarch/certifi-2024.8.30-pyhd8ed1ab_0.conda#12f7d00853807b0531775e9be891cb11
https://conda.anaconda.org/conda-forge/noarch/cycler-0.12.1-pyhd8ed1ab_0.conda#5cd86562580f274031ede6aa6aa24441
https://conda.anaconda.org/conda-forge/osx-arm64/kiwisolver-1.4.7-py311h2c37856_0.conda#ee572d19da1346db8e78cb8e7d5d2330
https://conda.anaconda.org/conda-forge/osx-arm64/lcms2-2.16-ha0e7c42_0.conda#66f6c134e76fe13cce8a9ea5814b5dd5
https://conda.anaconda.org/conda-forge/osx-arm64/libopenblas-0.3.28-openmp_hf332438_1.conda#40803a48d947c8639da6704e9a44d3ce
https://conda.anaconda.org/conda-forge/osx-arm64/markupsafe-3.0.2-py311h56c23cb_0.conda#be48a4cc178a91af3b1ccd58c14efde2
https://conda.anaconda.org/conda-forge/noarch/munkres-1.1.4-pyh9f0ad1d_0.tar.bz2#2ba8498c1018c1e9c61eb99b973dfe19
https://conda.anaconda.org/conda-forge/noarch/narwhals-1.14.2-pyhff2d567_0.conda#c7948f818368f181dea8d4865efd8039
https://conda.anaconda.org/conda-forge/osx-arm64/openjpeg-2.5.2-h9f1df11_0.conda#5029846003f0bc14414b9128a1f7c84b
https://conda.anaconda.org/conda-forge/noarch/packaging-24.2-pyhff2d567_1.conda#8508b703977f4c4ada34d657d051972c
https://conda.anaconda.org/conda-forge/noarch/pkgutil-resolve-name-1.3.10-pyhd8ed1ab_1.conda#405678b942f2481cecdb3e010f4925d9
https://conda.anaconda.org/conda-forge/noarch/pyparsing-3.2.0-pyhd8ed1ab_1.conda#035c17fbf099f50ff60bf2eb303b0a83
https://conda.anaconda.org/conda-forge/noarch/python-tzdata-2024.2-pyhd8ed1ab_0.conda#986287f89929b2d629bd6ef6497dc307
https://conda.anaconda.org/conda-forge/noarch/pytz-2024.2-pyhd8ed1ab_0.conda#260009d03c9d5c0f111904d851f053dc
https://conda.anaconda.org/conda-forge/osx-arm64/rpds-py-0.21.0-py311h3ff9189_0.conda#ae72e9942de84200f16d91a1c3418116
https://conda.anaconda.org/conda-forge/noarch/setuptools-75.6.0-pyhff2d567_1.conda#fc80f7995e396cbaeabd23cf46c413dc
https://conda.anaconda.org/conda-forge/noarch/six-1.16.0-pyh6c4a22f_0.tar.bz2#e5f25f8dbc060e9a8d912e432202afc2
https://conda.anaconda.org/conda-forge/noarch/threadpoolctl-3.5.0-pyhc1e730c_0.conda#df68d78237980a159bd7149f33c0e8fd
https://conda.anaconda.org/conda-forge/osx-arm64/tornado-6.4.2-py311h917b07b_0.conda#183b74c576dc7f920dae168997dbd1dd
https://conda.anaconda.org/conda-forge/noarch/typing_extensions-4.12.2-pyha770c72_0.conda#ebe6952715e1d5eb567eeebf25250fa7
https://conda.anaconda.org/conda-forge/osx-arm64/unicodedata2-15.1.0-py311hae2e1ce_1.conda#ade7687026adce6296650b21e7463758
https://conda.anaconda.org/conda-forge/noarch/wheel-0.45.1-pyhd8ed1ab_0.conda#bdb2f437ce62fd2f1fef9119a37a12d9
https://conda.anaconda.org/conda-forge/noarch/zipp-3.21.0-pyhd8ed1ab_0.conda#fee389bf8a4843bd7a2248ce11b7f188
https://conda.anaconda.org/conda-forge/osx-arm64/fonttools-4.55.0-py311h4921393_0.conda#9dbec219c6180471bada3b40199f2239
https://conda.anaconda.org/conda-forge/noarch/importlib-metadata-8.5.0-pyha770c72_0.conda#54198435fce4d64d8a89af22573012a8
https://conda.anaconda.org/conda-forge/noarch/importlib_resources-6.4.5-pyhd8ed1ab_0.conda#c808991d29b9838fb4d96ce8267ec9ec
https://conda.anaconda.org/conda-forge/noarch/jinja2-3.1.4-pyhd8ed1ab_0.conda#7b86ecb7d3557821c649b3c31e3eb9f2
https://conda.anaconda.org/conda-forge/noarch/joblib-1.4.2-pyhd8ed1ab_0.conda#25df261d4523d9f9783bcdb7208d872f
https://conda.anaconda.org/conda-forge/osx-arm64/libblas-3.9.0-25_osxarm64_openblas.conda#f8cf4d920ff36ce471619010eff59cac
https://conda.anaconda.org/conda-forge/osx-arm64/pillow-11.0.0-py311h3894ae9_0.conda#a9a4adae1c4178f50ac3d1fd5d64bb85
https://conda.anaconda.org/conda-forge/noarch/pip-24.3.1-pyh8b19718_0.conda#5dd546fe99b44fda83963d15f84263b7
https://conda.anaconda.org/conda-forge/noarch/python-dateutil-2.9.0.post0-pyhff2d567_0.conda#b6dfd90a2141e573e4b6a81630b56df5
https://conda.anaconda.org/conda-forge/noarch/referencing-0.35.1-pyhd8ed1ab_0.conda#0fc8b52192a8898627c3efae1003e9f6
https://conda.anaconda.org/conda-forge/noarch/typing-extensions-4.12.2-hd8ed1ab_0.conda#52d648bd608f5737b123f510bb5514b5
https://conda.anaconda.org/conda-forge/noarch/jsonschema-specifications-2024.10.1-pyhd8ed1ab_0.conda#720745920222587ef942acfbc578b584
https://conda.anaconda.org/conda-forge/osx-arm64/libcblas-3.9.0-25_osxarm64_openblas.conda#4df0fae81f0b5bf47d48c882b086da11
https://conda.anaconda.org/conda-forge/osx-arm64/liblapack-3.9.0-25_osxarm64_openblas.conda#19bbddfec972d401838330453186108d
https://conda.anaconda.org/conda-forge/noarch/jsonschema-4.23.0-pyhd8ed1ab_0.conda#da304c192ad59975202859b367d0f6a2
https://conda.anaconda.org/conda-forge/osx-arm64/numpy-2.0.0-py311h4268184_0.conda#5c316e8847d997ad1b271be52ee06189
https://conda.anaconda.org/conda-forge/noarch/altair-5.4.1-pyhd8ed1ab_3.conda#1023b24b9c859bf5d9223a202d7e58b9
https://conda.anaconda.org/conda-forge/osx-arm64/contourpy-1.3.1-py311h210dab8_0.conda#7f9e9df2d62cf69aed450f6957a23e61
https://conda.anaconda.org/conda-forge/osx-arm64/pandas-2.2.2-py311h4b4568b_1.conda#b1790dadc62d0af23378d5a79b263893
https://conda.anaconda.org/conda-forge/osx-arm64/scipy-1.14.1-py311hf1db568_1.conda#1163490da89fd85d00d29b4d4be7cf0c
https://conda.anaconda.org/conda-forge/osx-arm64/matplotlib-base-3.9.2-py311hbe3227e_2.conda#2c4e7ee255a37a3dc2ab9ee684b407f4
https://conda.anaconda.org/conda-forge/osx-arm64/scikit-learn-1.5.2-py311h9e23f0f_1.conda#ad77674e1f893b3ffe27ffa532e2724f
https://conda.anaconda.org/conda-forge/osx-arm64/matplotlib-3.9.2-py311ha1ab1f8_2.conda#79700d72e2a219fca397f238e10b3a90
# pip protobuf @ https://files.pythonhosted.org/packages/1c/f2/baf397f3dd1d3e4af7e3f5a0382b868d25ac068eefe1ebde05132333436c/protobuf-5.28.3-cp38-abi3-macosx_10_9_universal2.whl#sha256=a3f6857551e53ce35e60b403b8a27b0295f7d6eb63d10484f12bc6879c715687
# pip psutil @ https://files.pythonhosted.org/packages/1d/cb/313e80644ea407f04f6602a9e23096540d9dc1878755f3952ea8d3d104be/psutil-6.1.0-cp36-abi3-macosx_11_0_arm64.whl#sha256=0895b8414afafc526712c498bd9de2b063deaac4021a3b3c34566283464aff8e
# pip pyarrow @ https://files.pythonhosted.org/packages/d6/63/a4854246fb3d1387e176e2989d919b8186ce3806ca244fbed27217608708/pyarrow-18.0.0-cp311-cp311-macosx_12_0_arm64.whl#sha256=d5795e37c0a33baa618c5e054cd61f586cf76850a251e2b21355e4085def6280
# pip vega-datasets @ https://files.pythonhosted.org/packages/e6/9f/ca52771fe972e0dcc5167fedb609940e01516066938ff2ee28b273ae4f29/vega_datasets-0.9.0-py3-none-any.whl#sha256=3d7c63917be6ca9b154b565f4779a31fedce57b01b5b9d99d8a34a7608062a1d
# pip vegafusion @ https://files.pythonhosted.org/packages/0f/ff/373735f2d876542ef94b1a16d6d60dcff48bea539cc14edc9b589bc9cca2/vegafusion-1.6.9-py3-none-any.whl#sha256=f9e2f193a86c0eec3efe884f75d15232b050597e94f96f9c33ef6d630243178f
# pip altair-ally @ https://files.pythonhosted.org/packages/ca/b3/df528cb8c8242485b7f5d4d973fea5233b216486b3e1d2d8b14d92772ddf/altair_ally-0.1.1.tar.gz#sha256=f8b7179fda6335322048f71ec29b827b63f658e8a9fb54426927597eeb1f446e
